{
  "name": "love-buster-show",
  "version": "1.0.0",
  "lockfileVersion": 3,
  "requires": true,
  "packages": {
    "": {
      "name": "love-buster-show",
      "version": "1.0.0",
      "dependencies": {
        "@synthpay/trustledger-sdk": "file:packages/trustledger-sdk"
      }
    },
    "node_modules/@synthpay/trustledger-sdk": {
      "resolved": "packages/trustledger-sdk",
      "link": true
    },
    "packages/trustledger-sdk": {
      "name": "@synthpay/trustledger-sdk",
      "version": "1.0.0",
      "license": "MIT",
      "engines": {
        "node": ">=18"
      }
    }
  }
}
